
Microsoft Visual Studio Solution File, Format Version 12.00
# Visual Studio Version 17
VisualStudioVersion = 17.4.33122.133
MinimumVisualStudioVersion = 10.0.40219.1
Project("{FAE04EC0-301F-11D3-BF4B-00C04F79EFBC}") = "TwitterLib", "TwitterLib\TwitterLib.csproj", "{A759086C-D1F3-4C35-B5C9-E5A68F1B33D5}"
EndProject
Global
	GlobalSection(SolutionConfigurationPlatforms) = preSolution
		Debug|Any CPU = Debug|Any CPU
		Release|Any CPU = Release|Any CPU
	EndGlobalSection
	GlobalSection(ProjectConfigurationPlatforms) = postSolution
		{A759086C-D1F3-4C35-B5C9-E5A68F1B33D5}.Debug|Any CPU.ActiveCfg = Debug|Any CPU
		{A759086C-D1F3-4C35-B5C9-E5A68F1B33D5}.Debug|Any CPU.Build.0 = Debug|Any CPU
		{A759086C-D1F3-4C35-B5C9-E5A68F1B33D5}.Release|Any CPU.ActiveCfg = Release|Any CPU
		{A759086C-D1F3-4C35-B5C9-E5A68F1B33D5}.Release|Any CPU.Build.0 = Release|Any CPU
	EndGlobalSection
	GlobalSection(SolutionProperties) = preSolution
		HideSolutionNode = FALSE
	EndGlobalSection
	GlobalSection(ExtensibilityGlobals) = postSolution
		SolutionGuid = {09A08399-B5A6-4000-9F8B-F34A0A8488BB}
	EndGlobalSection
EndGlobal
